
Microsoft Visual Studio Solution File, Format Version 12.00
# Visual Studio Version 16
VisualStudioVersion = 16.0.30011.22
MinimumVisualStudioVersion = 10.0.40219.1
Project("{FAE04EC0-301F-11D3-BF4B-00C04F79EFBC}") = "EDashboard", "EDashboard\EDashboard.csproj", "{3820700E-C652-42BD-AEF5-2D6017B7B6A6}"
EndProject
Project("{FAE04EC0-301F-11D3-BF4B-00C04F79EFBC}") = "EDashboardService", "EDashboardService\EDashboardService.csproj", "{34C8A6A6-1BCC-4370-B8C0-DFCEDD67CA44}"
EndProject
Global
	GlobalSection(SolutionConfigurationPlatforms) = preSolution
		Debug|Any CPU = Debug|Any CPU
		Release|Any CPU = Release|Any CPU
	EndGlobalSection
	GlobalSection(ProjectConfigurationPlatforms) = postSolution
		{3820700E-C652-42BD-AEF5-2D6017B7B6A6}.Debug|Any CPU.ActiveCfg = Debug|Any CPU
		{3820700E-C652-42BD-AEF5-2D6017B7B6A6}.Debug|Any CPU.Build.0 = Debug|Any CPU
		{3820700E-C652-42BD-AEF5-2D6017B7B6A6}.Release|Any CPU.ActiveCfg = Release|Any CPU
		{3820700E-C652-42BD-AEF5-2D6017B7B6A6}.Release|Any CPU.Build.0 = Release|Any CPU
		{34C8A6A6-1BCC-4370-B8C0-DFCEDD67CA44}.Debug|Any CPU.ActiveCfg = Debug|Any CPU
		{34C8A6A6-1BCC-4370-B8C0-DFCEDD67CA44}.Debug|Any CPU.Build.0 = Debug|Any CPU
		{34C8A6A6-1BCC-4370-B8C0-DFCEDD67CA44}.Release|Any CPU.ActiveCfg = Release|Any CPU
		{34C8A6A6-1BCC-4370-B8C0-DFCEDD67CA44}.Release|Any CPU.Build.0 = Release|Any CPU
	EndGlobalSection
	GlobalSection(SolutionProperties) = preSolution
		HideSolutionNode = FALSE
	EndGlobalSection
	GlobalSection(ExtensibilityGlobals) = postSolution
		SolutionGuid = {BFEE0A25-9C42-4AF5-BAB3-C3B2FB8CB2E8}
	EndGlobalSection
EndGlobal
